{
  "originHash" : "346525d1087751bbdce931b44a043368833b77cb6295f31ab26d229cb8e18b9a",
  "pins" : [
    {
      "identity" : "path",
      "kind" : "remoteSourceControl",
      "location" : "https://github.com/tuist/Path",
      "state" : {
        "revision" : "f63466272e0ae49b0ab6228afe39b113c98f350a",
        "version" : "0.3.2"
      }
    },
    {
      "identity" : "swift-log",
      "kind" : "remoteSourceControl",
      "location" : "https://github.com/apple/swift-log",
      "state" : {
        "revision" : "9cb486020ebf03bfa5b5df985387a14a98744537",
        "version" : "1.6.1"
      }
    }
  ],
  "version" : 3
}
