{
  "originHash" : "42117a24adae9d77816b090d33a4ef9548125c0f3ef95e49547663ad6064444d",
  "pins" : [
    {
      "identity" : "path",
      "kind" : "remoteSourceControl",
      "location" : "https://github.com/tuist/Path",
      "state" : {
        "revision" : "4490da629937fc3994f72dd787dcc3f50d6973fe",
        "version" : "0.3.0"
      }
    },
    {
      "identity" : "swift-log",
      "kind" : "remoteSourceControl",
      "location" : "https://github.com/apple/swift-log",
      "state" : {
        "revision" : "9cb486020ebf03bfa5b5df985387a14a98744537",
        "version" : "1.6.1"
      }
    }
  ],
  "version" : 3
}
